
Microsoft Visual Studio Solution File, Format Version 12.00
# Visual Studio Version 16
VisualStudioVersion = 16.0.30804.86
MinimumVisualStudioVersion = 10.0.40219.1
Project("{FAE04EC0-301F-11D3-BF4B-00C04F79EFBC}") = "DesignClient", "Design\DesignClient.csproj", "{C108710E-1211-44F5-8408-0450F707D48B}"
EndProject
Project("{FAE04EC0-301F-11D3-BF4B-00C04F79EFBC}") = "DesignServer", "DesignServer\DesignServer.csproj", "{079ACF2B-5CA4-4C10-B0B8-DCD722E26D9F}"
EndProject
Global
	GlobalSection(SolutionConfigurationPlatforms) = preSolution
		Debug|Any CPU = Debug|Any CPU
		Release|Any CPU = Release|Any CPU
	EndGlobalSection
	GlobalSection(ProjectConfigurationPlatforms) = postSolution
		{C108710E-1211-44F5-8408-0450F707D48B}.Debug|Any CPU.ActiveCfg = Debug|Any CPU
		{C108710E-1211-44F5-8408-0450F707D48B}.Debug|Any CPU.Build.0 = Debug|Any CPU
		{C108710E-1211-44F5-8408-0450F707D48B}.Release|Any CPU.ActiveCfg = Release|Any CPU
		{C108710E-1211-44F5-8408-0450F707D48B}.Release|Any CPU.Build.0 = Release|Any CPU
		{079ACF2B-5CA4-4C10-B0B8-DCD722E26D9F}.Debug|Any CPU.ActiveCfg = Debug|Any CPU
		{079ACF2B-5CA4-4C10-B0B8-DCD722E26D9F}.Debug|Any CPU.Build.0 = Debug|Any CPU
		{079ACF2B-5CA4-4C10-B0B8-DCD722E26D9F}.Release|Any CPU.ActiveCfg = Release|Any CPU
		{079ACF2B-5CA4-4C10-B0B8-DCD722E26D9F}.Release|Any CPU.Build.0 = Release|Any CPU
	EndGlobalSection
	GlobalSection(SolutionProperties) = preSolution
		HideSolutionNode = FALSE
	EndGlobalSection
	GlobalSection(ExtensibilityGlobals) = postSolution
		SolutionGuid = {0BB76D29-0334-4FDE-BAF6-C4685E74D9C4}
	EndGlobalSection
EndGlobal
